
Microsoft Visual Studio Solution File, Format Version 12.00
# Visual Studio Version 17
VisualStudioVersion = 17.14.36414.22
MinimumVisualStudioVersion = 10.0.40219.1
Project("{FAE04EC0-301F-11D3-BF4B-00C04F79EFBC}") = "CitizenHackathon2025V5.Blazor.Client", "CitizenHackathon2025V5.Blazor\CitizenHackathon2025V5.Blazor.Client.csproj", "{C195B4FD-428B-437D-A47E-BD48807E05BB}"
EndProject
Project("{2150E333-8FDC-42A3-9474-1A3956D46DE8}") = "Solution elements", "Solution elements", "{02EA681E-C7D8-13C7-8484-4AC65E1B71E8}"
	ProjectSection(SolutionItems) = preProject
		Deploiement.txt = Deploiement.txt
		Readme.md = Readme.md
	EndProjectSection
EndProject
Project("{FAE04EC0-301F-11D3-BF4B-00C04F79EFBC}") = "CitizenHackathon2025.Blazor.DTOs", "CitizenHackathon2025.Blazor.DTOs\CitizenHackathon2025.Blazor.DTOs.csproj", "{2204C6F8-C576-4563-AFC9-2755DAD1A85A}"
EndProject
Project("{2150E333-8FDC-42A3-9474-1A3956D46DE8}") = "Éléments de solution", "Éléments de solution", "{9C8CB701-102D-CF49-A3E0-89AC09D42C2C}"
	ProjectSection(SolutionItems) = preProject
		global.json = global.json
	EndProjectSection
EndProject
Project("{FAE04EC0-301F-11D3-BF4B-00C04F79EFBC}") = "CitizenHackathon2025.Contracts", "..\CitizenHackathon2025.Contracts\CitizenHackathon2025.Contracts.csproj", "{F9653C14-1EE6-6E34-7B1D-DB014BBB64B6}"
EndProject
Global
	GlobalSection(SolutionConfigurationPlatforms) = preSolution
		Debug|Any CPU = Debug|Any CPU
		Debug|x64 = Debug|x64
		Debug|x86 = Debug|x86
		Release|Any CPU = Release|Any CPU
		Release|x64 = Release|x64
		Release|x86 = Release|x86
	EndGlobalSection
	GlobalSection(ProjectConfigurationPlatforms) = postSolution
		{C195B4FD-428B-437D-A47E-BD48807E05BB}.Debug|Any CPU.ActiveCfg = Debug|Any CPU
		{C195B4FD-428B-437D-A47E-BD48807E05BB}.Debug|Any CPU.Build.0 = Debug|Any CPU
		{C195B4FD-428B-437D-A47E-BD48807E05BB}.Debug|x64.ActiveCfg = Debug|Any CPU
		{C195B4FD-428B-437D-A47E-BD48807E05BB}.Debug|x64.Build.0 = Debug|Any CPU
		{C195B4FD-428B-437D-A47E-BD48807E05BB}.Debug|x86.ActiveCfg = Debug|Any CPU
		{C195B4FD-428B-437D-A47E-BD48807E05BB}.Debug|x86.Build.0 = Debug|Any CPU
		{C195B4FD-428B-437D-A47E-BD48807E05BB}.Release|Any CPU.ActiveCfg = Release|Any CPU
		{C195B4FD-428B-437D-A47E-BD48807E05BB}.Release|Any CPU.Build.0 = Release|Any CPU
		{C195B4FD-428B-437D-A47E-BD48807E05BB}.Release|x64.ActiveCfg = Release|Any CPU
		{C195B4FD-428B-437D-A47E-BD48807E05BB}.Release|x64.Build.0 = Release|Any CPU
		{C195B4FD-428B-437D-A47E-BD48807E05BB}.Release|x86.ActiveCfg = Release|Any CPU
		{C195B4FD-428B-437D-A47E-BD48807E05BB}.Release|x86.Build.0 = Release|Any CPU
		{2204C6F8-C576-4563-AFC9-2755DAD1A85A}.Debug|Any CPU.ActiveCfg = Debug|Any CPU
		{2204C6F8-C576-4563-AFC9-2755DAD1A85A}.Debug|Any CPU.Build.0 = Debug|Any CPU
		{2204C6F8-C576-4563-AFC9-2755DAD1A85A}.Debug|x64.ActiveCfg = Debug|Any CPU
		{2204C6F8-C576-4563-AFC9-2755DAD1A85A}.Debug|x64.Build.0 = Debug|Any CPU
		{2204C6F8-C576-4563-AFC9-2755DAD1A85A}.Debug|x86.ActiveCfg = Debug|Any CPU
		{2204C6F8-C576-4563-AFC9-2755DAD1A85A}.Debug|x86.Build.0 = Debug|Any CPU
		{2204C6F8-C576-4563-AFC9-2755DAD1A85A}.Release|Any CPU.ActiveCfg = Release|Any CPU
		{2204C6F8-C576-4563-AFC9-2755DAD1A85A}.Release|Any CPU.Build.0 = Release|Any CPU
		{2204C6F8-C576-4563-AFC9-2755DAD1A85A}.Release|x64.ActiveCfg = Release|Any CPU
		{2204C6F8-C576-4563-AFC9-2755DAD1A85A}.Release|x64.Build.0 = Release|Any CPU
		{2204C6F8-C576-4563-AFC9-2755DAD1A85A}.Release|x86.ActiveCfg = Release|Any CPU
		{2204C6F8-C576-4563-AFC9-2755DAD1A85A}.Release|x86.Build.0 = Release|Any CPU
		{F9653C14-1EE6-6E34-7B1D-DB014BBB64B6}.Debug|Any CPU.ActiveCfg = Debug|Any CPU
		{F9653C14-1EE6-6E34-7B1D-DB014BBB64B6}.Debug|Any CPU.Build.0 = Debug|Any CPU
		{F9653C14-1EE6-6E34-7B1D-DB014BBB64B6}.Debug|x64.ActiveCfg = Debug|Any CPU
		{F9653C14-1EE6-6E34-7B1D-DB014BBB64B6}.Debug|x64.Build.0 = Debug|Any CPU
		{F9653C14-1EE6-6E34-7B1D-DB014BBB64B6}.Debug|x86.ActiveCfg = Debug|Any CPU
		{F9653C14-1EE6-6E34-7B1D-DB014BBB64B6}.Debug|x86.Build.0 = Debug|Any CPU
		{F9653C14-1EE6-6E34-7B1D-DB014BBB64B6}.Release|Any CPU.ActiveCfg = Release|Any CPU
		{F9653C14-1EE6-6E34-7B1D-DB014BBB64B6}.Release|Any CPU.Build.0 = Release|Any CPU
		{F9653C14-1EE6-6E34-7B1D-DB014BBB64B6}.Release|x64.ActiveCfg = Release|Any CPU
		{F9653C14-1EE6-6E34-7B1D-DB014BBB64B6}.Release|x64.Build.0 = Release|Any CPU
		{F9653C14-1EE6-6E34-7B1D-DB014BBB64B6}.Release|x86.ActiveCfg = Release|Any CPU
		{F9653C14-1EE6-6E34-7B1D-DB014BBB64B6}.Release|x86.Build.0 = Release|Any CPU
	EndGlobalSection
	GlobalSection(SolutionProperties) = preSolution
		HideSolutionNode = FALSE
	EndGlobalSection
	GlobalSection(ExtensibilityGlobals) = postSolution
		SolutionGuid = {45D8F293-4224-4F1F-902A-89D8EE268B1C}
	EndGlobalSection
EndGlobal
